// !$*UTF8*$!
{
	archiveVersion = 1;
	classes = {
	};
	objectVersion = 46;
	objects = {

/* Begin PBXBuildFile section */
		47107FE71915CBB700E94824 /* DHRoundsPickerHandler.m in Sources */ = {isa = PBXBuildFile; fileRef = 47107FE61915CBB700E94824 /* DHRoundsPickerHandler.m */; };
		47107FEA1915D40C00E94824 /* DHBookmarksPickerHandler.m in Sources */ = {isa = PBXBuildFile; fileRef = 47107FE91915D40C00E94824 /* DHBookmarksPickerHandler.m */; };
		4786CA44191771BF0030DEA2 /* DHPickerViewController.m in Sources */ = {isa = PBXBuildFile; fileRef = 4786CA42191771BF0030DEA2 /* DHPickerViewController.m */; };
		4786CA45191771BF0030DEA2 /* DHPickerViewController.xib in Resources */ = {isa = PBXBuildFile; fileRef = 4786CA43191771BF0030DEA2 /* DHPickerViewController.xib */; };
		47C2598C1923451800C415D5 /* Localizable.strings in Resources */ = {isa = PBXBuildFile; fileRef = 47C2598E1923451800C415D5 /* Localizable.strings */; };
		47D3D85019139CFA00885F05 /* Foundation.framework in Frameworks */ = {isa = PBXBuildFile; fileRef = 47D3D84F19139CFA00885F05 /* Foundation.framework */; };
		47D3D85219139CFA00885F05 /* CoreGraphics.framework in Frameworks */ = {isa = PBXBuildFile; fileRef = 47D3D85119139CFA00885F05 /* CoreGraphics.framework */; };
		47D3D85419139CFA00885F05 /* UIKit.framework in Frameworks */ = {isa = PBXBuildFile; fileRef = 47D3D85319139CFA00885F05 /* UIKit.framework */; };
		47D3D85A19139CFB00885F05 /* InfoPlist.strings in Resources */ = {isa = PBXBuildFile; fileRef = 47D3D85819139CFB00885F05 /* InfoPlist.strings */; };
		47D3D85C19139CFB00885F05 /* main.m in Sources */ = {isa = PBXBuildFile; fileRef = 47D3D85B19139CFB00885F05 /* main.m */; };
		47D3D86019139CFB00885F05 /* DHAppDelegate.m in Sources */ = {isa = PBXBuildFile; fileRef = 47D3D85F19139CFB00885F05 /* DHAppDelegate.m */; };
		47D3D86319139CFB00885F05 /* Main_iPhone.storyboard in Resources */ = {isa = PBXBuildFile; fileRef = 47D3D86119139CFB00885F05 /* Main_iPhone.storyboard */; };
		47D3D86619139CFB00885F05 /* Main_iPad.storyboard in Resources */ = {isa = PBXBuildFile; fileRef = 47D3D86419139CFB00885F05 /* Main_iPad.storyboard */; };
		47D3D86919139CFB00885F05 /* DHViewController.m in Sources */ = {isa = PBXBuildFile; fileRef = 47D3D86819139CFB00885F05 /* DHViewController.m */; };
		47D3D86B19139CFB00885F05 /* Images.xcassets in Resources */ = {isa = PBXBuildFile; fileRef = 47D3D86A19139CFB00885F05 /* Images.xcassets */; };
		47D3D87219139CFC00885F05 /* XCTest.framework in Frameworks */ = {isa = PBXBuildFile; fileRef = 47D3D87119139CFC00885F05 /* XCTest.framework */; };
		47D3D87319139CFC00885F05 /* Foundation.framework in Frameworks */ = {isa = PBXBuildFile; fileRef = 47D3D84F19139CFA00885F05 /* Foundation.framework */; };
		47D3D87419139CFC00885F05 /* UIKit.framework in Frameworks */ = {isa = PBXBuildFile; fileRef = 47D3D85319139CFA00885F05 /* UIKit.framework */; };
		47D3D87C19139CFC00885F05 /* InfoPlist.strings in Resources */ = {isa = PBXBuildFile; fileRef = 47D3D87A19139CFC00885F05 /* InfoPlist.strings */; };
		47D3D87E19139CFC00885F05 /* iBcryptPwdHashTests.m in Sources */ = {isa = PBXBuildFile; fileRef = 47D3D87D19139CFC00885F05 /* iBcryptPwdHashTests.m */; };
		47D3D88E1913B8BA00885F05 /* JFBCrypt.m in Sources */ = {isa = PBXBuildFile; fileRef = 47D3D8891913B8BA00885F05 /* JFBCrypt.m */; };
		47D3D88F1913B8BA00885F05 /* JFRandom.m in Sources */ = {isa = PBXBuildFile; fileRef = 47D3D88C1913B8BA00885F05 /* JFRandom.m */; };
		47D3D8901913B8BA00885F05 /* README in Resources */ = {isa = PBXBuildFile; fileRef = 47D3D88D1913B8BA00885F05 /* README */; };
		47D3D8931913CE6F00885F05 /* DHPwdHashUtil.m in Sources */ = {isa = PBXBuildFile; fileRef = 47D3D8921913CE6F00885F05 /* DHPwdHashUtil.m */; };
/* End PBXBuildFile section */

/* Begin PBXContainerItemProxy section */
		47D3D87519139CFC00885F05 /* PBXContainerItemProxy */ = {
			isa = PBXContainerItemProxy;
			containerPortal = 47D3D84419139CFA00885F05 /* Project object */;
			proxyType = 1;
			remoteGlobalIDString = 47D3D84B19139CFA00885F05;
			remoteInfo = iBcryptPwdHash;
		};
/* End PBXContainerItemProxy section */

/* Begin PBXFileReference section */
		47107FE51915CBB700E94824 /* DHRoundsPickerHandler.h */ = {isa = PBXFileReference; fileEncoding = 4; lastKnownFileType = sourcecode.c.h; path = DHRoundsPickerHandler.h; sourceTree = "<group>"; };
		47107FE61915CBB700E94824 /* DHRoundsPickerHandler.m */ = {isa = PBXFileReference; fileEncoding = 4; lastKnownFileType = sourcecode.c.objc; path = DHRoundsPickerHandler.m; sourceTree = "<group>"; };
		47107FE81915D40C00E94824 /* DHBookmarksPickerHandler.h */ = {isa = PBXFileReference; fileEncoding = 4; lastKnownFileType = sourcecode.c.h; path = DHBookmarksPickerHandler.h; sourceTree = "<group>"; };
		47107FE91915D40C00E94824 /* DHBookmarksPickerHandler.m */ = {isa = PBXFileReference; fileEncoding = 4; lastKnownFileType = sourcecode.c.objc; path = DHBookmarksPickerHandler.m; sourceTree = "<group>"; };
		47107FEB1915F0A900E94824 /* DHBookmarksPickerDelegate.h */ = {isa = PBXFileReference; lastKnownFileType = sourcecode.c.h; path = DHBookmarksPickerDelegate.h; sourceTree = "<group>"; };
		47107FEC1916050700E94824 /* DHRoundsPickerDelegate.h */ = {isa = PBXFileReference; lastKnownFileType = sourcecode.c.h; path = DHRoundsPickerDelegate.h; sourceTree = "<group>"; };
		47113D2819234CAF006051DB /* zh-Hans */ = {isa = PBXFileReference; lastKnownFileType = text.plist.strings; name = "zh-Hans"; path = "zh-Hans.lproj/Localizable.strings"; sourceTree = "<group>"; };
		4786CA41191771BF0030DEA2 /* DHPickerViewController.h */ = {isa = PBXFileReference; fileEncoding = 4; lastKnownFileType = sourcecode.c.h; path = DHPickerViewController.h; sourceTree = "<group>"; };
		4786CA42191771BF0030DEA2 /* DHPickerViewController.m */ = {isa = PBXFileReference; fileEncoding = 4; lastKnownFileType = sourcecode.c.objc; path = DHPickerViewController.m; sourceTree = "<group>"; };
		4786CA43191771BF0030DEA2 /* DHPickerViewController.xib */ = {isa = PBXFileReference; fileEncoding = 4; lastKnownFileType = file.xib; path = DHPickerViewController.xib; sourceTree = "<group>"; };
		47C259881923449B00C415D5 /* zh-Hans */ = {isa = PBXFileReference; lastKnownFileType = text.plist.strings; name = "zh-Hans"; path = "zh-Hans.lproj/Main_iPhone.strings"; sourceTree = "<group>"; };
		47C259891923449B00C415D5 /* zh-Hans */ = {isa = PBXFileReference; lastKnownFileType = text.plist.strings; name = "zh-Hans"; path = "zh-Hans.lproj/Main_iPad.strings"; sourceTree = "<group>"; };
		47C2598A1923449B00C415D5 /* zh-Hans */ = {isa = PBXFileReference; lastKnownFileType = text.plist.strings; name = "zh-Hans"; path = "zh-Hans.lproj/InfoPlist.strings"; sourceTree = "<group>"; };
		47C2598B1923449B00C415D5 /* zh-Hans */ = {isa = PBXFileReference; lastKnownFileType = text.plist.strings; name = "zh-Hans"; path = "zh-Hans.lproj/InfoPlist.strings"; sourceTree = "<group>"; };
		47C2598D1923451800C415D5 /* en */ = {isa = PBXFileReference; lastKnownFileType = text.plist.strings; name = en; path = en.lproj/Localizable.strings; sourceTree = "<group>"; };
		47D3D84C19139CFA00885F05 /* iBcryptPwdHash.app */ = {isa = PBXFileReference; explicitFileType = wrapper.application; includeInIndex = 0; path = iBcryptPwdHash.app; sourceTree = BUILT_PRODUCTS_DIR; };
		47D3D84F19139CFA00885F05 /* Foundation.framework */ = {isa = PBXFileReference; lastKnownFileType = wrapper.framework; name = Foundation.framework; path = System/Library/Frameworks/Foundation.framework; sourceTree = SDKROOT; };
		47D3D85119139CFA00885F05 /* CoreGraphics.framework */ = {isa = PBXFileReference; lastKnownFileType = wrapper.framework; name = CoreGraphics.framework; path = System/Library/Frameworks/CoreGraphics.framework; sourceTree = SDKROOT; };
		47D3D85319139CFA00885F05 /* UIKit.framework */ = {isa = PBXFileReference; lastKnownFileType = wrapper.framework; name = UIKit.framework; path = System/Library/Frameworks/UIKit.framework; sourceTree = SDKROOT; };
		47D3D85719139CFB00885F05 /* iBcryptPwdHash-Info.plist */ = {isa = PBXFileReference; lastKnownFileType = text.plist.xml; path = "iBcryptPwdHash-Info.plist"; sourceTree = "<group>"; };
		47D3D85919139CFB00885F05 /* en */ = {isa = PBXFileReference; lastKnownFileType = text.plist.strings; name = en; path = en.lproj/InfoPlist.strings; sourceTree = "<group>"; };
		47D3D85B19139CFB00885F05 /* main.m */ = {isa = PBXFileReference; lastKnownFileType = sourcecode.c.objc; path = main.m; sourceTree = "<group>"; };
		47D3D85D19139CFB00885F05 /* iBcryptPwdHash-Prefix.pch */ = {isa = PBXFileReference; lastKnownFileType = sourcecode.c.h; path = "iBcryptPwdHash-Prefix.pch"; sourceTree = "<group>"; };
		47D3D85E19139CFB00885F05 /* DHAppDelegate.h */ = {isa = PBXFileReference; lastKnownFileType = sourcecode.c.h; path = DHAppDelegate.h; sourceTree = "<group>"; };
		47D3D85F19139CFB00885F05 /* DHAppDelegate.m */ = {isa = PBXFileReference; lastKnownFileType = sourcecode.c.objc; path = DHAppDelegate.m; sourceTree = "<group>"; };
		47D3D86219139CFB00885F05 /* Base */ = {isa = PBXFileReference; lastKnownFileType = file.storyboard; name = Base; path = Base.lproj/Main_iPhone.storyboard; sourceTree = "<group>"; };
		47D3D86519139CFB00885F05 /* Base */ = {isa = PBXFileReference; lastKnownFileType = file.storyboard; name = Base; path = Base.lproj/Main_iPad.storyboard; sourceTree = "<group>"; };
		47D3D86719139CFB00885F05 /* DHViewController.h */ = {isa = PBXFileReference; fileEncoding = 4; lastKnownFileType = sourcecode.c.h; path = DHViewController.h; sourceTree = "<group>"; };
		47D3D86819139CFB00885F05 /* DHViewController.m */ = {isa = PBXFileReference; lastKnownFileType = sourcecode.c.objc; path = DHViewController.m; sourceTree = "<group>"; };
		47D3D86A19139CFB00885F05 /* Images.xcassets */ = {isa = PBXFileReference; lastKnownFileType = folder.assetcatalog; path = Images.xcassets; sourceTree = "<group>"; };
		47D3D87019139CFC00885F05 /* iBcryptPwdHashTests.xctest */ = {isa = PBXFileReference; explicitFileType = wrapper.cfbundle; includeInIndex = 0; path = iBcryptPwdHashTests.xctest; sourceTree = BUILT_PRODUCTS_DIR; };
		47D3D87119139CFC00885F05 /* XCTest.framework */ = {isa = PBXFileReference; lastKnownFileType = wrapper.framework; name = XCTest.framework; path = Library/Frameworks/XCTest.framework; sourceTree = DEVELOPER_DIR; };
		47D3D87919139CFC00885F05 /* iBcryptPwdHashTests-Info.plist */ = {isa = PBXFileReference; lastKnownFileType = text.plist.xml; path = "iBcryptPwdHashTests-Info.plist"; sourceTree = "<group>"; };
		47D3D87B19139CFC00885F05 /* en */ = {isa = PBXFileReference; lastKnownFileType = text.plist.strings; name = en; path = en.lproj/InfoPlist.strings; sourceTree = "<group>"; };
		47D3D87D19139CFC00885F05 /* iBcryptPwdHashTests.m */ = {isa = PBXFileReference; lastKnownFileType = sourcecode.c.objc; path = iBcryptPwdHashTests.m; sourceTree = "<group>"; };
		47D3D8881913B8BA00885F05 /* JFBCrypt.h */ = {isa = PBXFileReference; fileEncoding = 4; lastKnownFileType = sourcecode.c.h; name = JFBCrypt.h; path = iBcryptPwdHash/JFCommon/JFBCrypt.h; sourceTree = "<group>"; };
		47D3D8891913B8BA00885F05 /* JFBCrypt.m */ = {isa = PBXFileReference; fileEncoding = 4; lastKnownFileType = sourcecode.c.objc; name = JFBCrypt.m; path = iBcryptPwdHash/JFCommon/JFBCrypt.m; sourceTree = "<group>"; };
		47D3D88A1913B8BA00885F05 /* JFGC.h */ = {isa = PBXFileReference; fileEncoding = 4; lastKnownFileType = sourcecode.c.h; name = JFGC.h; path = iBcryptPwdHash/JFCommon/JFGC.h; sourceTree = "<group>"; };
		47D3D88B1913B8BA00885F05 /* JFRandom.h */ = {isa = PBXFileReference; fileEncoding = 4; lastKnownFileType = sourcecode.c.h; name = JFRandom.h; path = iBcryptPwdHash/JFCommon/JFRandom.h; sourceTree = "<group>"; };
		47D3D88C1913B8BA00885F05 /* JFRandom.m */ = {isa = PBXFileReference; fileEncoding = 4; lastKnownFileType = sourcecode.c.objc; name = JFRandom.m; path = iBcryptPwdHash/JFCommon/JFRandom.m; sourceTree = "<group>"; };
		47D3D88D1913B8BA00885F05 /* README */ = {isa = PBXFileReference; fileEncoding = 4; lastKnownFileType = text; name = README; path = iBcryptPwdHash/JFCommon/README; sourceTree = "<group>"; };
		47D3D8911913CE6F00885F05 /* DHPwdHashUtil.h */ = {isa = PBXFileReference; fileEncoding = 4; lastKnownFileType = sourcecode.c.h; path = DHPwdHashUtil.h; sourceTree = "<group>"; };
		47D3D8921913CE6F00885F05 /* DHPwdHashUtil.m */ = {isa = PBXFileReference; fileEncoding = 4; lastKnownFileType = sourcecode.c.objc; path = DHPwdHashUtil.m; sourceTree = "<group>"; };
/* End PBXFileReference section */

/* Begin PBXFrameworksBuildPhase section */
		47D3D84919139CFA00885F05 /* Frameworks */ = {
			isa = PBXFrameworksBuildPhase;
			buildActionMask = 2147483647;
			files = (
				47D3D85219139CFA00885F05 /* CoreGraphics.framework in Frameworks */,
				47D3D85419139CFA00885F05 /* UIKit.framework in Frameworks */,
				47D3D85019139CFA00885F05 /* Foundation.framework in Frameworks */,
			);
			runOnlyForDeploymentPostprocessing = 0;
		};
		47D3D86D19139CFC00885F05 /* Frameworks */ = {
			isa = PBXFrameworksBuildPhase;
			buildActionMask = 2147483647;
			files = (
				47D3D87219139CFC00885F05 /* XCTest.framework in Frameworks */,
				47D3D87419139CFC00885F05 /* UIKit.framework in Frameworks */,
				47D3D87319139CFC00885F05 /* Foundation.framework in Frameworks */,
			);
			runOnlyForDeploymentPostprocessing = 0;
		};
/* End PBXFrameworksBuildPhase section */

/* Begin PBXGroup section */
		47D3D84319139CFA00885F05 = {
			isa = PBXGroup;
			children = (
				47D3D85519139CFA00885F05 /* iBcryptPwdHash */,
				47D3D87719139CFC00885F05 /* iBcryptPwdHashTests */,
				47D3D84E19139CFA00885F05 /* Frameworks */,
				47D3D84D19139CFA00885F05 /* Products */,
			);
			sourceTree = "<group>";
		};
		47D3D84D19139CFA00885F05 /* Products */ = {
			isa = PBXGroup;
			children = (
				47D3D84C19139CFA00885F05 /* iBcryptPwdHash.app */,
				47D3D87019139CFC00885F05 /* iBcryptPwdHashTests.xctest */,
			);
			name = Products;
			sourceTree = "<group>";
		};
		47D3D84E19139CFA00885F05 /* Frameworks */ = {
			isa = PBXGroup;
			children = (
				47D3D84F19139CFA00885F05 /* Foundation.framework */,
				47D3D85119139CFA00885F05 /* CoreGraphics.framework */,
				47D3D85319139CFA00885F05 /* UIKit.framework */,
				47D3D87119139CFC00885F05 /* XCTest.framework */,
			);
			name = Frameworks;
			sourceTree = "<group>";
		};
		47D3D85519139CFA00885F05 /* iBcryptPwdHash */ = {
			isa = PBXGroup;
			children = (
				47D3D8871913B85A00885F05 /* JFCommon */,
				47D3D85E19139CFB00885F05 /* DHAppDelegate.h */,
				47D3D85F19139CFB00885F05 /* DHAppDelegate.m */,
				47D3D86119139CFB00885F05 /* Main_iPhone.storyboard */,
				47D3D86419139CFB00885F05 /* Main_iPad.storyboard */,
				47C2598E1923451800C415D5 /* Localizable.strings */,
				47D3D86719139CFB00885F05 /* DHViewController.h */,
				47D3D86819139CFB00885F05 /* DHViewController.m */,
				47D3D8911913CE6F00885F05 /* DHPwdHashUtil.h */,
				47D3D8921913CE6F00885F05 /* DHPwdHashUtil.m */,
				47107FE51915CBB700E94824 /* DHRoundsPickerHandler.h */,
				47107FE61915CBB700E94824 /* DHRoundsPickerHandler.m */,
				47107FEC1916050700E94824 /* DHRoundsPickerDelegate.h */,
				47107FE81915D40C00E94824 /* DHBookmarksPickerHandler.h */,
				47107FE91915D40C00E94824 /* DHBookmarksPickerHandler.m */,
				47107FEB1915F0A900E94824 /* DHBookmarksPickerDelegate.h */,
				4786CA41191771BF0030DEA2 /* DHPickerViewController.h */,
				4786CA42191771BF0030DEA2 /* DHPickerViewController.m */,
				4786CA43191771BF0030DEA2 /* DHPickerViewController.xib */,
				47D3D86A19139CFB00885F05 /* Images.xcassets */,
				47D3D85619139CFB00885F05 /* Supporting Files */,
			);
			path = iBcryptPwdHash;
			sourceTree = "<group>";
		};
		47D3D85619139CFB00885F05 /* Supporting Files */ = {
			isa = PBXGroup;
			children = (
				47D3D85719139CFB00885F05 /* iBcryptPwdHash-Info.plist */,
				47D3D85819139CFB00885F05 /* InfoPlist.strings */,
				47D3D85B19139CFB00885F05 /* main.m */,
				47D3D85D19139CFB00885F05 /* iBcryptPwdHash-Prefix.pch */,
			);
			name = "Supporting Files";
			sourceTree = "<group>";
		};
		47D3D87719139CFC00885F05 /* iBcryptPwdHashTests */ = {
			isa = PBXGroup;
			children = (
				47D3D87D19139CFC00885F05 /* iBcryptPwdHashTests.m */,
				47D3D87819139CFC00885F05 /* Supporting Files */,
			);
			path = iBcryptPwdHashTests;
			sourceTree = "<group>";
		};
		47D3D87819139CFC00885F05 /* Supporting Files */ = {
			isa = PBXGroup;
			children = (
				47D3D87919139CFC00885F05 /* iBcryptPwdHashTests-Info.plist */,
				47D3D87A19139CFC00885F05 /* InfoPlist.strings */,
			);
			name = "Supporting Files";
			sourceTree = "<group>";
		};
		47D3D8871913B85A00885F05 /* JFCommon */ = {
			isa = PBXGroup;
			children = (
				47D3D8881913B8BA00885F05 /* JFBCrypt.h */,
				47D3D8891913B8BA00885F05 /* JFBCrypt.m */,
				47D3D88A1913B8BA00885F05 /* JFGC.h */,
				47D3D88B1913B8BA00885F05 /* JFRandom.h */,
				47D3D88C1913B8BA00885F05 /* JFRandom.m */,
				47D3D88D1913B8BA00885F05 /* README */,
			);
			name = JFCommon;
			path = ..;
			sourceTree = "<group>";
		};
/* End PBXGroup section */

/* Begin PBXNativeTarget section */
		47D3D84B19139CFA00885F05 /* iBcryptPwdHash */ = {
			isa = PBXNativeTarget;
			buildConfigurationList = 47D3D88119139CFC00885F05 /* Build configuration list for PBXNativeTarget "iBcryptPwdHash" */;
			buildPhases = (
				47D3D84819139CFA00885F05 /* Sources */,
				47D3D84919139CFA00885F05 /* Frameworks */,
				47D3D84A19139CFA00885F05 /* Resources */,
			);
			buildRules = (
			);
			dependencies = (
			);
			name = iBcryptPwdHash;
			productName = iBcryptPwdHash;
			productReference = 47D3D84C19139CFA00885F05 /* iBcryptPwdHash.app */;
			productType = "com.apple.product-type.application";
		};
		47D3D86F19139CFC00885F05 /* iBcryptPwdHashTests */ = {
			isa = PBXNativeTarget;
			buildConfigurationList = 47D3D88419139CFC00885F05 /* Build configuration list for PBXNativeTarget "iBcryptPwdHashTests" */;
			buildPhases = (
				47D3D86C19139CFC00885F05 /* Sources */,
				47D3D86D19139CFC00885F05 /* Frameworks */,
				47D3D86E19139CFC00885F05 /* Resources */,
			);
			buildRules = (
			);
			dependencies = (
				47D3D87619139CFC00885F05 /* PBXTargetDependency */,
			);
			name = iBcryptPwdHashTests;
			productName = iBcryptPwdHashTests;
			productReference = 47D3D87019139CFC00885F05 /* iBcryptPwdHashTests.xctest */;
			productType = "com.apple.product-type.bundle.unit-test";
		};
/* End PBXNativeTarget section */

/* Begin PBXProject section */
		47D3D84419139CFA00885F05 /* Project object */ = {
			isa = PBXProject;
			attributes = {
				CLASSPREFIX = DH;
				LastUpgradeCheck = 0510;
				ORGANIZATIONNAME = "___FULLUSERNAME___";
				TargetAttributes = {
					47D3D84B19139CFA00885F05 = {
						DevelopmentTeam = 3B552G5W5B;
					};
					47D3D86F19139CFC00885F05 = {
						TestTargetID = 47D3D84B19139CFA00885F05;
					};
				};
			};
			buildConfigurationList = 47D3D84719139CFA00885F05 /* Build configuration list for PBXProject "iBcryptPwdHash" */;
			compatibilityVersion = "Xcode 3.2";
			developmentRegion = English;
			hasScannedForEncodings = 0;
			knownRegions = (
				en,
				Base,
				"zh-Hans",
			);
			mainGroup = 47D3D84319139CFA00885F05;
			productRefGroup = 47D3D84D19139CFA00885F05 /* Products */;
			projectDirPath = "";
			projectRoot = "";
			targets = (
				47D3D84B19139CFA00885F05 /* iBcryptPwdHash */,
				47D3D86F19139CFC00885F05 /* iBcryptPwdHashTests */,
			);
		};
/* End PBXProject section */

/* Begin PBXResourcesBuildPhase section */
		47D3D84A19139CFA00885F05 /* Resources */ = {
			isa = PBXResourcesBuildPhase;
			buildActionMask = 2147483647;
			files = (
				47D3D8901913B8BA00885F05 /* README in Resources */,
				47D3D86619139CFB00885F05 /* Main_iPad.storyboard in Resources */,
				4786CA45191771BF0030DEA2 /* DHPickerViewController.xib in Resources */,
				47C2598C1923451800C415D5 /* Localizable.strings in Resources */,
				47D3D86B19139CFB00885F05 /* Images.xcassets in Resources */,
				47D3D86319139CFB00885F05 /* Main_iPhone.storyboard in Resources */,
				47D3D85A19139CFB00885F05 /* InfoPlist.strings in Resources */,
			);
			runOnlyForDeploymentPostprocessing = 0;
		};
		47D3D86E19139CFC00885F05 /* Resources */ = {
			isa = PBXResourcesBuildPhase;
			buildActionMask = 2147483647;
			files = (
				47D3D87C19139CFC00885F05 /* InfoPlist.strings in Resources */,
			);
			runOnlyForDeploymentPostprocessing = 0;
		};
/* End PBXResourcesBuildPhase section */

/* Begin PBXSourcesBuildPhase section */
		47D3D84819139CFA00885F05 /* Sources */ = {
			isa = PBXSourcesBuildPhase;
			buildActionMask = 2147483647;
			files = (
				4786CA44191771BF0030DEA2 /* DHPickerViewController.m in Sources */,
				47D3D86019139CFB00885F05 /* DHAppDelegate.m in Sources */,
				47D3D88E1913B8BA00885F05 /* JFBCrypt.m in Sources */,
				47D3D86919139CFB00885F05 /* DHViewController.m in Sources */,
				47D3D8931913CE6F00885F05 /* DHPwdHashUtil.m in Sources */,
				47D3D85C19139CFB00885F05 /* main.m in Sources */,
				47107FE71915CBB700E94824 /* DHRoundsPickerHandler.m in Sources */,
				47107FEA1915D40C00E94824 /* DHBookmarksPickerHandler.m in Sources */,
				47D3D88F1913B8BA00885F05 /* JFRandom.m in Sources */,
			);
			runOnlyForDeploymentPostprocessing = 0;
		};
		47D3D86C19139CFC00885F05 /* Sources */ = {
			isa = PBXSourcesBuildPhase;
			buildActionMask = 2147483647;
			files = (
				47D3D87E19139CFC00885F05 /* iBcryptPwdHashTests.m in Sources */,
			);
			runOnlyForDeploymentPostprocessing = 0;
		};
/* End PBXSourcesBuildPhase section */

/* Begin PBXTargetDependency section */
		47D3D87619139CFC00885F05 /* PBXTargetDependency */ = {
			isa = PBXTargetDependency;
			target = 47D3D84B19139CFA00885F05 /* iBcryptPwdHash */;
			targetProxy = 47D3D87519139CFC00885F05 /* PBXContainerItemProxy */;
		};
/* End PBXTargetDependency section */

/* Begin PBXVariantGroup section */
		47C2598E1923451800C415D5 /* Localizable.strings */ = {
			isa = PBXVariantGroup;
			children = (
				47C2598D1923451800C415D5 /* en */,
				47113D2819234CAF006051DB /* zh-Hans */,
			);
			name = Localizable.strings;
			sourceTree = "<group>";
		};
		47D3D85819139CFB00885F05 /* InfoPlist.strings */ = {
			isa = PBXVariantGroup;
			children = (
				47D3D85919139CFB00885F05 /* en */,
				47C2598A1923449B00C415D5 /* zh-Hans */,
			);
			name = InfoPlist.strings;
			sourceTree = "<group>";
		};
		47D3D86119139CFB00885F05 /* Main_iPhone.storyboard */ = {
			isa = PBXVariantGroup;
			children = (
				47D3D86219139CFB00885F05 /* Base */,
				47C259881923449B00C415D5 /* zh-Hans */,
			);
			name = Main_iPhone.storyboard;
			sourceTree = "<group>";
		};
		47D3D86419139CFB00885F05 /* Main_iPad.storyboard */ = {
			isa = PBXVariantGroup;
			children = (
				47D3D86519139CFB00885F05 /* Base */,
				47C259891923449B00C415D5 /* zh-Hans */,
			);
			name = Main_iPad.storyboard;
			sourceTree = "<group>";
		};
		47D3D87A19139CFC00885F05 /* InfoPlist.strings */ = {
			isa = PBXVariantGroup;
			children = (
				47D3D87B19139CFC00885F05 /* en */,
				47C2598B1923449B00C415D5 /* zh-Hans */,
			);
			name = InfoPlist.strings;
			sourceTree = "<group>";
		};
/* End PBXVariantGroup section */

/* Begin XCBuildConfiguration section */
		47D3D87F19139CFC00885F05 /* Debug */ = {
			isa = XCBuildConfiguration;
			buildSettings = {
				ALWAYS_SEARCH_USER_PATHS = NO;
				CLANG_CXX_LANGUAGE_STANDARD = "gnu++0x";
				CLANG_CXX_LIBRARY = "libc++";
				CLANG_ENABLE_MODULES = YES;
				CLANG_ENABLE_OBJC_ARC = YES;
				CLANG_WARN_BOOL_CONVERSION = YES;
				CLANG_WARN_CONSTANT_CONVERSION = YES;
				CLANG_WARN_DIRECT_OBJC_ISA_USAGE = YES_ERROR;
				CLANG_WARN_EMPTY_BODY = YES;
				CLANG_WARN_ENUM_CONVERSION = YES;
				CLANG_WARN_INT_CONVERSION = YES;
				CLANG_WARN_OBJC_ROOT_CLASS = YES_ERROR;
				CLANG_WARN__DUPLICATE_METHOD_MATCH = YES;
				"CODE_SIGN_IDENTITY[sdk=iphoneos*]" = "iPhone Developer";
				COPY_PHASE_STRIP = NO;
				GCC_C_LANGUAGE_STANDARD = gnu99;
				GCC_DYNAMIC_NO_PIC = NO;
				GCC_OPTIMIZATION_LEVEL = 0;
				GCC_PREPROCESSOR_DEFINITIONS = (
					"DEBUG=1",
					"$(inherited)",
				);
				GCC_SYMBOLS_PRIVATE_EXTERN = NO;
				GCC_WARN_64_TO_32_BIT_CONVERSION = YES;
				GCC_WARN_ABOUT_RETURN_TYPE = YES_ERROR;
				GCC_WARN_UNDECLARED_SELECTOR = YES;
				GCC_WARN_UNINITIALIZED_AUTOS = YES_AGGRESSIVE;
				GCC_WARN_UNUSED_FUNCTION = YES;
				GCC_WARN_UNUSED_VARIABLE = YES;
				IPHONEOS_DEPLOYMENT_TARGET = 7.1;
				ONLY_ACTIVE_ARCH = YES;
				SDKROOT = iphoneos;
				TARGETED_DEVICE_FAMILY = "1,2";
			};
			name = Debug;
		};
		47D3D88019139CFC00885F05 /* Release */ = {
			isa = XCBuildConfiguration;
			buildSettings = {
				ALWAYS_SEARCH_USER_PATHS = NO;
				CLANG_CXX_LANGUAGE_STANDARD = "gnu++0x";
				CLANG_CXX_LIBRARY = "libc++";
				CLANG_ENABLE_MODULES = YES;
				CLANG_ENABLE_OBJC_ARC = YES;
				CLANG_WARN_BOOL_CONVERSION = YES;
				CLANG_WARN_CONSTANT_CONVERSION = YES;
				CLANG_WARN_DIRECT_OBJC_ISA_USAGE = YES_ERROR;
				CLANG_WARN_EMPTY_BODY = YES;
				CLANG_WARN_ENUM_CONVERSION = YES;
				CLANG_WARN_INT_CONVERSION = YES;
				CLANG_WARN_OBJC_ROOT_CLASS = YES_ERROR;
				CLANG_WARN__DUPLICATE_METHOD_MATCH = YES;
				"CODE_SIGN_IDENTITY[sdk=iphoneos*]" = "iPhone Developer";
				COPY_PHASE_STRIP = YES;
				ENABLE_NS_ASSERTIONS = NO;
				GCC_C_LANGUAGE_STANDARD = gnu99;
				GCC_WARN_64_TO_32_BIT_CONVERSION = YES;
				GCC_WARN_ABOUT_RETURN_TYPE = YES_ERROR;
				GCC_WARN_UNDECLARED_SELECTOR = YES;
				GCC_WARN_UNINITIALIZED_AUTOS = YES_AGGRESSIVE;
				GCC_WARN_UNUSED_FUNCTION = YES;
				GCC_WARN_UNUSED_VARIABLE = YES;
				IPHONEOS_DEPLOYMENT_TARGET = 7.1;
				SDKROOT = iphoneos;
				TARGETED_DEVICE_FAMILY = "1,2";
				VALIDATE_PRODUCT = YES;
			};
			name = Release;
		};
		47D3D88219139CFC00885F05 /* Debug */ = {
			isa = XCBuildConfiguration;
			buildSettings = {
				ASSETCATALOG_COMPILER_APPICON_NAME = AppIcon;
				ASSETCATALOG_COMPILER_LAUNCHIMAGE_NAME = LaunchImage;
				CODE_SIGN_IDENTITY = "iPhone Developer";
				GCC_PRECOMPILE_PREFIX_HEADER = YES;
				GCC_PREFIX_HEADER = "iBcryptPwdHash/iBcryptPwdHash-Prefix.pch";
				INFOPLIST_FILE = "iBcryptPwdHash/iBcryptPwdHash-Info.plist";
				IPHONEOS_DEPLOYMENT_TARGET = 7.0;
				PRODUCT_NAME = "$(TARGET_NAME)";
				WRAPPER_EXTENSION = app;
			};
			name = Debug;
		};
		47D3D88319139CFC00885F05 /* Release */ = {
			isa = XCBuildConfiguration;
			buildSettings = {
				ASSETCATALOG_COMPILER_APPICON_NAME = AppIcon;
				ASSETCATALOG_COMPILER_LAUNCHIMAGE_NAME = LaunchImage;
				CODE_SIGN_IDENTITY = "iPhone Distribution";
				GCC_PRECOMPILE_PREFIX_HEADER = YES;
				GCC_PREFIX_HEADER = "iBcryptPwdHash/iBcryptPwdHash-Prefix.pch";
				INFOPLIST_FILE = "iBcryptPwdHash/iBcryptPwdHash-Info.plist";
				IPHONEOS_DEPLOYMENT_TARGET = 7.0;
				PRODUCT_NAME = "$(TARGET_NAME)";
				WRAPPER_EXTENSION = app;
			};
			name = Release;
		};
		47D3D88519139CFC00885F05 /* Debug */ = {
			isa = XCBuildConfiguration;
			buildSettings = {
				BUNDLE_LOADER = "$(BUILT_PRODUCTS_DIR)/iBcryptPwdHash.app/iBcryptPwdHash";
				FRAMEWORK_SEARCH_PATHS = (
					"$(SDKROOT)/Developer/Library/Frameworks",
					"$(inherited)",
					"$(DEVELOPER_FRAMEWORKS_DIR)",
				);
				GCC_PRECOMPILE_PREFIX_HEADER = YES;
				GCC_PREFIX_HEADER = "iBcryptPwdHash/iBcryptPwdHash-Prefix.pch";
				GCC_PREPROCESSOR_DEFINITIONS = (
					"DEBUG=1",
					"$(inherited)",
				);
				INFOPLIST_FILE = "iBcryptPwdHashTests/iBcryptPwdHashTests-Info.plist";
				PRODUCT_NAME = "$(TARGET_NAME)";
				TEST_HOST = "$(BUNDLE_LOADER)";
				WRAPPER_EXTENSION = xctest;
			};
			name = Debug;
		};
		47D3D88619139CFC00885F05 /* Release */ = {
			isa = XCBuildConfiguration;
			buildSettings = {
				BUNDLE_LOADER = "$(BUILT_PRODUCTS_DIR)/iBcryptPwdHash.app/iBcryptPwdHash";
				FRAMEWORK_SEARCH_PATHS = (
					"$(SDKROOT)/Developer/Library/Frameworks",
					"$(inherited)",
					"$(DEVELOPER_FRAMEWORKS_DIR)",
				);
				GCC_PRECOMPILE_PREFIX_HEADER = YES;
				GCC_PREFIX_HEADER = "iBcryptPwdHash/iBcryptPwdHash-Prefix.pch";
				INFOPLIST_FILE = "iBcryptPwdHashTests/iBcryptPwdHashTests-Info.plist";
				PRODUCT_NAME = "$(TARGET_NAME)";
				TEST_HOST = "$(BUNDLE_LOADER)";
				WRAPPER_EXTENSION = xctest;
			};
			name = Release;
		};
/* End XCBuildConfiguration section */

/* Begin XCConfigurationList section */
		47D3D84719139CFA00885F05 /* Build configuration list for PBXProject "iBcryptPwdHash" */ = {
			isa = XCConfigurationList;
			buildConfigurations = (
				47D3D87F19139CFC00885F05 /* Debug */,
				47D3D88019139CFC00885F05 /* Release */,
			);
			defaultConfigurationIsVisible = 0;
			defaultConfigurationName = Release;
		};
		47D3D88119139CFC00885F05 /* Build configuration list for PBXNativeTarget "iBcryptPwdHash" */ = {
			isa = XCConfigurationList;
			buildConfigurations = (
				47D3D88219139CFC00885F05 /* Debug */,
				47D3D88319139CFC00885F05 /* Release */,
			);
			defaultConfigurationIsVisible = 0;
			defaultConfigurationName = Release;
		};
		47D3D88419139CFC00885F05 /* Build configuration list for PBXNativeTarget "iBcryptPwdHashTests" */ = {
			isa = XCConfigurationList;
			buildConfigurations = (
				47D3D88519139CFC00885F05 /* Debug */,
				47D3D88619139CFC00885F05 /* Release */,
			);
			defaultConfigurationIsVisible = 0;
			defaultConfigurationName = Release;
		};
/* End XCConfigurationList section */
	};
	rootObject = 47D3D84419139CFA00885F05 /* Project object */;
}
